
Microsoft Visual Studio Solution File, Format Version 12.00
# Visual Studio 15
VisualStudioVersion = 15.0.28307.329
MinimumVisualStudioVersion = 10.0.40219.1
Project("{FAE04EC0-301F-11D3-BF4B-00C04F79EFBC}") = "Doggie", "Doggie\Doggie.csproj", "{3C9CD73F-1A20-4487-B228-5B92009C46C0}"
EndProject
Global
	GlobalSection(SolutionConfigurationPlatforms) = preSolution
		Debug|Any CPU = Debug|Any CPU
		Release|Any CPU = Release|Any CPU
	EndGlobalSection
	GlobalSection(ProjectConfigurationPlatforms) = postSolution
		{3C9CD73F-1A20-4487-B228-5B92009C46C0}.Debug|Any CPU.ActiveCfg = Debug|Any CPU
		{3C9CD73F-1A20-4487-B228-5B92009C46C0}.Debug|Any CPU.Build.0 = Debug|Any CPU
		{3C9CD73F-1A20-4487-B228-5B92009C46C0}.Release|Any CPU.ActiveCfg = Release|Any CPU
		{3C9CD73F-1A20-4487-B228-5B92009C46C0}.Release|Any CPU.Build.0 = Release|Any CPU
	EndGlobalSection
	GlobalSection(SolutionProperties) = preSolution
		HideSolutionNode = FALSE
	EndGlobalSection
	GlobalSection(ExtensibilityGlobals) = postSolution
		SolutionGuid = {5442BDFF-8EA2-4164-AF76-564D2A6CD504}
	EndGlobalSection
EndGlobal
